
Microsoft Visual Studio Solution File, Format Version 12.00
# Visual Studio Version 17
VisualStudioVersion = 17.10.35013.160
MinimumVisualStudioVersion = 10.0.40219.1
Project("{FAE04EC0-301F-11D3-BF4B-00C04F79EFBC}") = "BlogPersonal", "BlogPersonal\BlogPersonal.csproj", "{365A66F2-491A-4684-8722-F15425B2FA0D}"
EndProject
Global
	GlobalSection(SolutionConfigurationPlatforms) = preSolution
		Debug|Any CPU = Debug|Any CPU
		Release|Any CPU = Release|Any CPU
	EndGlobalSection
	GlobalSection(ProjectConfigurationPlatforms) = postSolution
		{365A66F2-491A-4684-8722-F15425B2FA0D}.Debug|Any CPU.ActiveCfg = Debug|Any CPU
		{365A66F2-491A-4684-8722-F15425B2FA0D}.Debug|Any CPU.Build.0 = Debug|Any CPU
		{365A66F2-491A-4684-8722-F15425B2FA0D}.Release|Any CPU.ActiveCfg = Release|Any CPU
		{365A66F2-491A-4684-8722-F15425B2FA0D}.Release|Any CPU.Build.0 = Release|Any CPU
	EndGlobalSection
	GlobalSection(SolutionProperties) = preSolution
		HideSolutionNode = FALSE
	EndGlobalSection
	GlobalSection(ExtensibilityGlobals) = postSolution
		SolutionGuid = {3DD20846-8569-4167-9CD9-D19F3ADCBA29}
	EndGlobalSection
EndGlobal
